
Microsoft Visual Studio Solution File, Format Version 12.00
# Visual Studio Version 17
VisualStudioVersion = 17.4.33213.308
MinimumVisualStudioVersion = 10.0.40219.1
Project("{FAE04EC0-301F-11D3-BF4B-00C04F79EFBC}") = "WindowsFormsApp1", "WindowsFormsApp1\WindowsFormsApp1.csproj", "{E8E7ADBF-E1A9-467A-8DB6-D90F548FE6F6}"
EndProject
Global
	GlobalSection(SolutionConfigurationPlatforms) = preSolution
		Debug|Any CPU = Debug|Any CPU
		Release|Any CPU = Release|Any CPU
	EndGlobalSection
	GlobalSection(ProjectConfigurationPlatforms) = postSolution
		{E8E7ADBF-E1A9-467A-8DB6-D90F548FE6F6}.Debug|Any CPU.ActiveCfg = Debug|Any CPU
		{E8E7ADBF-E1A9-467A-8DB6-D90F548FE6F6}.Debug|Any CPU.Build.0 = Debug|Any CPU
		{E8E7ADBF-E1A9-467A-8DB6-D90F548FE6F6}.Release|Any CPU.ActiveCfg = Release|Any CPU
		{E8E7ADBF-E1A9-467A-8DB6-D90F548FE6F6}.Release|Any CPU.Build.0 = Release|Any CPU
	EndGlobalSection
	GlobalSection(SolutionProperties) = preSolution
		HideSolutionNode = FALSE
	EndGlobalSection
	GlobalSection(ExtensibilityGlobals) = postSolution
		SolutionGuid = {64C26EC3-7682-434F-8EFD-7AA3AF8D6F11}
	EndGlobalSection
EndGlobal
